
Microsoft Visual Studio Solution File, Format Version 12.00
# Visual Studio Version 17
VisualStudioVersion = 17.7.34024.191
MinimumVisualStudioVersion = 10.0.40219.1
Project("{FAE04EC0-301F-11D3-BF4B-00C04F79EFBC}") = "Baitap1a", "Baitap1a\Baitap1a.csproj", "{1EE41636-2875-43B1-86FB-F16E61A63D57}"
EndProject
Project("{FAE04EC0-301F-11D3-BF4B-00C04F79EFBC}") = "Baitap2a", "Baitap2a\Baitap2a.csproj", "{91B6DF95-758C-4D4C-B539-F3F91DD385FF}"
EndProject
Project("{FAE04EC0-301F-11D3-BF4B-00C04F79EFBC}") = "Baitap3a", "Baitap3a\Baitap3a.csproj", "{533AFFEC-2FDD-43A2-9CB8-9CCE5527E569}"
EndProject
Project("{FAE04EC0-301F-11D3-BF4B-00C04F79EFBC}") = "WebApplication1", "WebApplication1\WebApplication1.csproj", "{EFD98AA4-9EB2-49A5-9033-72B7822C6B25}"
EndProject
Global
	GlobalSection(SolutionConfigurationPlatforms) = preSolution
		Debug|Any CPU = Debug|Any CPU
		Release|Any CPU = Release|Any CPU
	EndGlobalSection
	GlobalSection(ProjectConfigurationPlatforms) = postSolution
		{1EE41636-2875-43B1-86FB-F16E61A63D57}.Debug|Any CPU.ActiveCfg = Debug|Any CPU
		{1EE41636-2875-43B1-86FB-F16E61A63D57}.Debug|Any CPU.Build.0 = Debug|Any CPU
		{1EE41636-2875-43B1-86FB-F16E61A63D57}.Release|Any CPU.ActiveCfg = Release|Any CPU
		{1EE41636-2875-43B1-86FB-F16E61A63D57}.Release|Any CPU.Build.0 = Release|Any CPU
		{91B6DF95-758C-4D4C-B539-F3F91DD385FF}.Debug|Any CPU.ActiveCfg = Debug|Any CPU
		{91B6DF95-758C-4D4C-B539-F3F91DD385FF}.Debug|Any CPU.Build.0 = Debug|Any CPU
		{91B6DF95-758C-4D4C-B539-F3F91DD385FF}.Release|Any CPU.ActiveCfg = Release|Any CPU
		{91B6DF95-758C-4D4C-B539-F3F91DD385FF}.Release|Any CPU.Build.0 = Release|Any CPU
		{533AFFEC-2FDD-43A2-9CB8-9CCE5527E569}.Debug|Any CPU.ActiveCfg = Debug|Any CPU
		{533AFFEC-2FDD-43A2-9CB8-9CCE5527E569}.Debug|Any CPU.Build.0 = Debug|Any CPU
		{533AFFEC-2FDD-43A2-9CB8-9CCE5527E569}.Release|Any CPU.ActiveCfg = Release|Any CPU
		{533AFFEC-2FDD-43A2-9CB8-9CCE5527E569}.Release|Any CPU.Build.0 = Release|Any CPU
		{EFD98AA4-9EB2-49A5-9033-72B7822C6B25}.Debug|Any CPU.ActiveCfg = Debug|Any CPU
		{EFD98AA4-9EB2-49A5-9033-72B7822C6B25}.Debug|Any CPU.Build.0 = Debug|Any CPU
		{EFD98AA4-9EB2-49A5-9033-72B7822C6B25}.Release|Any CPU.ActiveCfg = Release|Any CPU
		{EFD98AA4-9EB2-49A5-9033-72B7822C6B25}.Release|Any CPU.Build.0 = Release|Any CPU
	EndGlobalSection
	GlobalSection(SolutionProperties) = preSolution
		HideSolutionNode = FALSE
	EndGlobalSection
	GlobalSection(ExtensibilityGlobals) = postSolution
		SolutionGuid = {F515E260-7477-46D6-8941-C994CA62099E}
	EndGlobalSection
EndGlobal
